# This file is automatically @generated by Cargo.
# It is not intended for manual editing.
version = 4

[[package]]
name = "arrayvec"
version = "0.7.6"
source = "registry+https://github.com/rust-lang/crates.io-index"
checksum = "7c02d123df017efcdfbd739ef81735b36c5ba83ec3c59c80a9d7ecc718f92e50"

[[package]]
name = "autocfg"
version = "1.5.0"
source = "registry+https://github.com/rust-lang/crates.io-index"
checksum = "c08606f8c3cbf4ce6ec8e28fb0014a2c086708fe954eaa885384a6165172e7e8"

[[package]]
name = "bytemuck"
version = "1.23.2"
source = "registry+https://github.com/rust-lang/crates.io-index"
checksum = "3995eaeebcdf32f91f980d360f78732ddc061097ab4e39991ae7a6ace9194677"

[[package]]
name = "color"
version = "0.3.2"
source = "registry+https://github.com/rust-lang/crates.io-index"
checksum = "a18ef4657441fb193b65f34dc39b3781f0dfec23d3bd94d0eeb4e88cde421edb"
dependencies = [
 "bytemuck",
]

[[package]]
name = "euclid"
version = "0.22.11"
source = "registry+https://github.com/rust-lang/crates.io-index"
checksum = "ad9cdb4b747e485a12abb0e6566612956c7a1bafa3bdb8d682c5b6d403589e48"
dependencies = [
 "num-traits",
]

[[package]]
name = "kurbo"
version = "0.11.3"
source = "registry+https://github.com/rust-lang/crates.io-index"
checksum = "c62026ae44756f8a599ba21140f350303d4f08dcdcc71b5ad9c9bb8128c13c62"
dependencies = [
 "arrayvec",
 "euclid",
 "smallvec",
]

[[package]]
name = "linebender_resource_handle"
version = "0.1.1"
source = "registry+https://github.com/rust-lang/crates.io-index"
checksum = "d4a5ff6bcca6c4867b1c4fd4ef63e4db7436ef363e0ad7531d1558856bae64f4"

[[package]]
name = "num-traits"
version = "0.2.19"
source = "registry+https://github.com/rust-lang/crates.io-index"
checksum = "071dfc062690e90b734c0b2273ce72ad0ffa95f0c74596bc250dcfd960262841"
dependencies = [
 "autocfg",
]

[[package]]
name = "peniko"
version = "0.4.1"
source = "registry+https://github.com/rust-lang/crates.io-index"
checksum = "9b44f9ddd2f480176b34278eb653ec1c8062f3b143a4e16eeff5ffac3334e288"
dependencies = [
 "bytemuck",
 "color",
 "kurbo",
 "linebender_resource_handle",
 "smallvec",
]

[[package]]
name = "smallvec"
version = "1.15.1"
source = "registry+https://github.com/rust-lang/crates.io-index"
checksum = "67b1b7a3b5fe4f1376887184045fcf45c69e92af734b7aaddc05fb777b6fbd03"

[[package]]
name = "vello_api"
version = "0.1.0"
dependencies = [
 "bytemuck",
 "peniko",
]
